// !$*UTF8*$!
{
	archiveVersion = 1;
	classes = {
	};
	objectVersion = 46;
	objects = {

/* Begin PBXBuildFile section */
		5938F6761C5694CB003BAE6E /* AppDelegate.swift in Sources */ = {isa = PBXBuildFile; fileRef = 5938F6751C5694CB003BAE6E /* AppDelegate.swift */; };
		5938F6781C5694CB003BAE6E /* ViewController.swift in Sources */ = {isa = PBXBuildFile; fileRef = 5938F6771C5694CB003BAE6E /* ViewController.swift */; };
		5938F67B1C5694CB003BAE6E /* Main.storyboard in Resources */ = {isa = PBXBuildFile; fileRef = 5938F6791C5694CB003BAE6E /* Main.storyboard */; };
		5938F67D1C5694CB003BAE6E /* Assets.xcassets in Resources */ = {isa = PBXBuildFile; fileRef = 5938F67C1C5694CB003BAE6E /* Assets.xcassets */; };
		5938F6801C5694CB003BAE6E /* LaunchScreen.storyboard in Resources */ = {isa = PBXBuildFile; fileRef = 5938F67E1C5694CB003BAE6E /* LaunchScreen.storyboard */; };
		5938F68B1C5694CB003BAE6E /* TipCalculatorTests.swift in Sources */ = {isa = PBXBuildFile; fileRef = 5938F68A1C5694CB003BAE6E /* TipCalculatorTests.swift */; };
/* End PBXBuildFile section */

/* Begin PBXContainerItemProxy section */
		5938F6871C5694CB003BAE6E /* PBXContainerItemProxy */ = {
			isa = PBXContainerItemProxy;
			containerPortal = 5938F66A1C5694CB003BAE6E /* Project object */;
			proxyType = 1;
			remoteGlobalIDString = 5938F6711C5694CB003BAE6E;
			remoteInfo = TipCalculator;
		};
/* End PBXContainerItemProxy section */

/* Begin PBXFileReference section */
		5938F6721C5694CB003BAE6E /* TipCalculator.app */ = {isa = PBXFileReference; explicitFileType = wrapper.application; includeInIndex = 0; path = TipCalculator.app; sourceTree = BUILT_PRODUCTS_DIR; };
		5938F6751C5694CB003BAE6E /* AppDelegate.swift */ = {isa = PBXFileReference; lastKnownFileType = sourcecode.swift; path = AppDelegate.swift; sourceTree = "<group>"; };
		5938F6771C5694CB003BAE6E /* ViewController.swift */ = {isa = PBXFileReference; lastKnownFileType = sourcecode.swift; path = ViewController.swift; sourceTree = "<group>"; };
		5938F67A1C5694CB003BAE6E /* Base */ = {isa = PBXFileReference; lastKnownFileType = file.storyboard; name = Base; path = Base.lproj/Main.storyboard; sourceTree = "<group>"; };
		5938F67C1C5694CB003BAE6E /* Assets.xcassets */ = {isa = PBXFileReference; lastKnownFileType = folder.assetcatalog; path = Assets.xcassets; sourceTree = "<group>"; };
		5938F67F1C5694CB003BAE6E /* Base */ = {isa = PBXFileReference; lastKnownFileType = file.storyboard; name = Base; path = Base.lproj/LaunchScreen.storyboard; sourceTree = "<group>"; };
		5938F6811C5694CB003BAE6E /* Info.plist */ = {isa = PBXFileReference; lastKnownFileType = text.plist.xml; path = Info.plist; sourceTree = "<group>"; };
		5938F6861C5694CB003BAE6E /* TipCalculatorTests.xctest */ = {isa = PBXFileReference; explicitFileType = wrapper.cfbundle; includeInIndex = 0; path = TipCalculatorTests.xctest; sourceTree = BUILT_PRODUCTS_DIR; };
		5938F68A1C5694CB003BAE6E /* TipCalculatorTests.swift */ = {isa = PBXFileReference; lastKnownFileType = sourcecode.swift; path = TipCalculatorTests.swift; sourceTree = "<group>"; };
		5938F68C1C5694CB003BAE6E /* Info.plist */ = {isa = PBXFileReference; lastKnownFileType = text.plist.xml; path = Info.plist; sourceTree = "<group>"; };
/* End PBXFileReference section */

/* Begin PBXFrameworksBuildPhase section */
		5938F66F1C5694CB003BAE6E /* Frameworks */ = {
			isa = PBXFrameworksBuildPhase;
			buildActionMask = 2147483647;
			files = (
			);
			runOnlyForDeploymentPostprocessing = 0;
		};
		5938F6831C5694CB003BAE6E /* Frameworks */ = {
			isa = PBXFrameworksBuildPhase;
			buildActionMask = 2147483647;
			files = (
			);
			runOnlyForDeploymentPostprocessing = 0;
		};
/* End PBXFrameworksBuildPhase section */

/* Begin PBXGroup section */
		5938F6691C5694CB003BAE6E = {
			isa = PBXGroup;
			children = (
				5938F6741C5694CB003BAE6E /* TipCalculator */,
				5938F6891C5694CB003BAE6E /* TipCalculatorTests */,
				5938F6731C5694CB003BAE6E /* Products */,
			);
			sourceTree = "<group>";
		};
		5938F6731C5694CB003BAE6E /* Products */ = {
			isa = PBXGroup;
			children = (
				5938F6721C5694CB003BAE6E /* TipCalculator.app */,
				5938F6861C5694CB003BAE6E /* TipCalculatorTests.xctest */,
			);
			name = Products;
			sourceTree = "<group>";
		};
		5938F6741C5694CB003BAE6E /* TipCalculator */ = {
			isa = PBXGroup;
			children = (
				5938F6751C5694CB003BAE6E /* AppDelegate.swift */,
				5938F6771C5694CB003BAE6E /* ViewController.swift */,
				5938F6791C5694CB003BAE6E /* Main.storyboard */,
				5938F67C1C5694CB003BAE6E /* Assets.xcassets */,
				5938F67E1C5694CB003BAE6E /* LaunchScreen.storyboard */,
				5938F6811C5694CB003BAE6E /* Info.plist */,
			);
			path = TipCalculator;
			sourceTree = "<group>";
		};
		5938F6891C5694CB003BAE6E /* TipCalculatorTests */ = {
			isa = PBXGroup;
			children = (
				5938F68A1C5694CB003BAE6E /* TipCalculatorTests.swift */,
				5938F68C1C5694CB003BAE6E /* Info.plist */,
			);
			path = TipCalculatorTests;
			sourceTree = "<group>";
		};
/* End PBXGroup section */

/* Begin PBXNativeTarget section */
		5938F6711C5694CB003BAE6E /* TipCalculator */ = {
			isa = PBXNativeTarget;
			buildConfigurationList = 5938F68F1C5694CB003BAE6E /* Build configuration list for PBXNativeTarget "TipCalculator" */;
			buildPhases = (
				5938F66E1C5694CB003BAE6E /* Sources */,
				5938F66F1C5694CB003BAE6E /* Frameworks */,
				5938F6701C5694CB003BAE6E /* Resources */,
			);
			buildRules = (
			);
			dependencies = (
			);
			name = TipCalculator;
			productName = TipCalculator;
			productReference = 5938F6721C5694CB003BAE6E /* TipCalculator.app */;
			productType = "com.apple.product-type.application";
		};
		5938F6851C5694CB003BAE6E /* TipCalculatorTests */ = {
			isa = PBXNativeTarget;
			buildConfigurationList = 5938F6921C5694CB003BAE6E /* Build configuration list for PBXNativeTarget "TipCalculatorTests" */;
			buildPhases = (
				5938F6821C5694CB003BAE6E /* Sources */,
				5938F6831C5694CB003BAE6E /* Frameworks */,
				5938F6841C5694CB003BAE6E /* Resources */,
			);
			buildRules = (
			);
			dependencies = (
				5938F6881C5694CB003BAE6E /* PBXTargetDependency */,
			);
			name = TipCalculatorTests;
			productName = TipCalculatorTests;
			productReference = 5938F6861C5694CB003BAE6E /* TipCalculatorTests.xctest */;
			productType = "com.apple.product-type.bundle.unit-test";
		};
/* End PBXNativeTarget section */

/* Begin PBXProject section */
		5938F66A1C5694CB003BAE6E /* Project object */ = {
			isa = PBXProject;
			attributes = {
				LastSwiftUpdateCheck = 0720;
				LastUpgradeCheck = 0720;
				ORGANIZATIONNAME = "Kirill Suslov";
				TargetAttributes = {
					5938F6711C5694CB003BAE6E = {
						CreatedOnToolsVersion = 7.2;
						DevelopmentTeam = 2W53CLTF2G;
					};
					5938F6851C5694CB003BAE6E = {
						CreatedOnToolsVersion = 7.2;
						DevelopmentTeam = 2W53CLTF2G;
						TestTargetID = 5938F6711C5694CB003BAE6E;
					};
				};
			};
			buildConfigurationList = 5938F66D1C5694CB003BAE6E /* Build configuration list for PBXProject "TipCalculator" */;
			compatibilityVersion = "Xcode 3.2";
			developmentRegion = English;
			hasScannedForEncodings = 0;
			knownRegions = (
				en,
				Base,
			);
			mainGroup = 5938F6691C5694CB003BAE6E;
			productRefGroup = 5938F6731C5694CB003BAE6E /* Products */;
			projectDirPath = "";
			projectRoot = "";
			targets = (
				5938F6711C5694CB003BAE6E /* TipCalculator */,
				5938F6851C5694CB003BAE6E /* TipCalculatorTests */,
			);
		};
/* End PBXProject section */

/* Begin PBXResourcesBuildPhase section */
		5938F6701C5694CB003BAE6E /* Resources */ = {
			isa = PBXResourcesBuildPhase;
			buildActionMask = 2147483647;
			files = (
				5938F6801C5694CB003BAE6E /* LaunchScreen.storyboard in Resources */,
				5938F67D1C5694CB003BAE6E /* Assets.xcassets in Resources */,
				5938F67B1C5694CB003BAE6E /* Main.storyboard in Resources */,
			);
			runOnlyForDeploymentPostprocessing = 0;
		};
		5938F6841C5694CB003BAE6E /* Resources */ = {
			isa = PBXResourcesBuildPhase;
			buildActionMask = 2147483647;
			files = (
			);
			runOnlyForDeploymentPostprocessing = 0;
		};
/* End PBXResourcesBuildPhase section */

/* Begin PBXSourcesBuildPhase section */
		5938F66E1C5694CB003BAE6E /* Sources */ = {
			isa = PBXSourcesBuildPhase;
			buildActionMask = 2147483647;
			files = (
				5938F6781C5694CB003BAE6E /* ViewController.swift in Sources */,
				5938F6761C5694CB003BAE6E /* AppDelegate.swift in Sources */,
			);
			runOnlyForDeploymentPostprocessing = 0;
		};
		5938F6821C5694CB003BAE6E /* Sources */ = {
			isa = PBXSourcesBuildPhase;
			buildActionMask = 2147483647;
			files = (
				5938F68B1C5694CB003BAE6E /* TipCalculatorTests.swift in Sources */,
			);
			runOnlyForDeploymentPostprocessing = 0;
		};
/* End PBXSourcesBuildPhase section */

/* Begin PBXTargetDependency section */
		5938F6881C5694CB003BAE6E /* PBXTargetDependency */ = {
			isa = PBXTargetDependency;
			target = 5938F6711C5694CB003BAE6E /* TipCalculator */;
			targetProxy = 5938F6871C5694CB003BAE6E /* PBXContainerItemProxy */;
		};
/* End PBXTargetDependency section */

/* Begin PBXVariantGroup section */
		5938F6791C5694CB003BAE6E /* Main.storyboard */ = {
			isa = PBXVariantGroup;
			children = (
				5938F67A1C5694CB003BAE6E /* Base */,
			);
			name = Main.storyboard;
			sourceTree = "<group>";
		};
		5938F67E1C5694CB003BAE6E /* LaunchScreen.storyboard */ = {
			isa = PBXVariantGroup;
			children = (
				5938F67F1C5694CB003BAE6E /* Base */,
			);
			name = LaunchScreen.storyboard;
			sourceTree = "<group>";
		};
/* End PBXVariantGroup section */

/* Begin XCBuildConfiguration section */
		5938F68D1C5694CB003BAE6E /* Debug */ = {
			isa = XCBuildConfiguration;
			buildSettings = {
				ALWAYS_SEARCH_USER_PATHS = NO;
				CLANG_CXX_LANGUAGE_STANDARD = "gnu++0x";
				CLANG_CXX_LIBRARY = "libc++";
				CLANG_ENABLE_MODULES = YES;
				CLANG_ENABLE_OBJC_ARC = YES;
				CLANG_WARN_BOOL_CONVERSION = YES;
				CLANG_WARN_CONSTANT_CONVERSION = YES;
				CLANG_WARN_DIRECT_OBJC_ISA_USAGE = YES_ERROR;
				CLANG_WARN_EMPTY_BODY = YES;
				CLANG_WARN_ENUM_CONVERSION = YES;
				CLANG_WARN_INT_CONVERSION = YES;
				CLANG_WARN_OBJC_ROOT_CLASS = YES_ERROR;
				CLANG_WARN_UNREACHABLE_CODE = YES;
				CLANG_WARN__DUPLICATE_METHOD_MATCH = YES;
				"CODE_SIGN_IDENTITY[sdk=iphoneos*]" = "iPhone Developer";
				COPY_PHASE_STRIP = NO;
				DEBUG_INFORMATION_FORMAT = dwarf;
				ENABLE_STRICT_OBJC_MSGSEND = YES;
				ENABLE_TESTABILITY = YES;
				GCC_C_LANGUAGE_STANDARD = gnu99;
				GCC_DYNAMIC_NO_PIC = NO;
				GCC_NO_COMMON_BLOCKS = YES;
				GCC_OPTIMIZATION_LEVEL = 0;
				GCC_PREPROCESSOR_DEFINITIONS = (
					"DEBUG=1",
					"$(inherited)",
				);
				GCC_WARN_64_TO_32_BIT_CONVERSION = YES;
				GCC_WARN_ABOUT_RETURN_TYPE = YES_ERROR;
				GCC_WARN_UNDECLARED_SELECTOR = YES;
				GCC_WARN_UNINITIALIZED_AUTOS = YES_AGGRESSIVE;
				GCC_WARN_UNUSED_FUNCTION = YES;
				GCC_WARN_UNUSED_VARIABLE = YES;
				IPHONEOS_DEPLOYMENT_TARGET = 9.2;
				MTL_ENABLE_DEBUG_INFO = YES;
				ONLY_ACTIVE_ARCH = YES;
				SDKROOT = iphoneos;
				SWIFT_OPTIMIZATION_LEVEL = "-Onone";
				TARGETED_DEVICE_FAMILY = "1,2";
			};
			name = Debug;
		};
		5938F68E1C5694CB003BAE6E /* Release */ = {
			isa = XCBuildConfiguration;
			buildSettings = {
				ALWAYS_SEARCH_USER_PATHS = NO;
				CLANG_CXX_LANGUAGE_STANDARD = "gnu++0x";
				CLANG_CXX_LIBRARY = "libc++";
				CLANG_ENABLE_MODULES = YES;
				CLANG_ENABLE_OBJC_ARC = YES;
				CLANG_WARN_BOOL_CONVERSION = YES;
				CLANG_WARN_CONSTANT_CONVERSION = YES;
				CLANG_WARN_DIRECT_OBJC_ISA_USAGE = YES_ERROR;
				CLANG_WARN_EMPTY_BODY = YES;
				CLANG_WARN_ENUM_CONVERSION = YES;
				CLANG_WARN_INT_CONVERSION = YES;
				CLANG_WARN_OBJC_ROOT_CLASS = YES_ERROR;
				CLANG_WARN_UNREACHABLE_CODE = YES;
				CLANG_WARN__DUPLICATE_METHOD_MATCH = YES;
				"CODE_SIGN_IDENTITY[sdk=iphoneos*]" = "iPhone Developer";
				COPY_PHASE_STRIP = NO;
				DEBUG_INFORMATION_FORMAT = "dwarf-with-dsym";
				ENABLE_NS_ASSERTIONS = NO;
				ENABLE_STRICT_OBJC_MSGSEND = YES;
				GCC_C_LANGUAGE_STANDARD = gnu99;
				GCC_NO_COMMON_BLOCKS = YES;
				GCC_WARN_64_TO_32_BIT_CONVERSION = YES;
				GCC_WARN_ABOUT_RETURN_TYPE = YES_ERROR;
				GCC_WARN_UNDECLARED_SELECTOR = YES;
				GCC_WARN_UNINITIALIZED_AUTOS = YES_AGGRESSIVE;
				GCC_WARN_UNUSED_FUNCTION = YES;
				GCC_WARN_UNUSED_VARIABLE = YES;
				IPHONEOS_DEPLOYMENT_TARGET = 9.2;
				MTL_ENABLE_DEBUG_INFO = NO;
				SDKROOT = iphoneos;
				TARGETED_DEVICE_FAMILY = "1,2";
				VALIDATE_PRODUCT = YES;
			};
			name = Release;
		};
		5938F6901C5694CB003BAE6E /* Debug */ = {
			isa = XCBuildConfiguration;
			buildSettings = {
				ASSETCATALOG_COMPILER_APPICON_NAME = AppIcon;
				INFOPLIST_FILE = TipCalculator/Info.plist;
				LD_RUNPATH_SEARCH_PATHS = "$(inherited) @executable_path/Frameworks";
				PRODUCT_BUNDLE_IDENTIFIER = com.iwuvhugs.TipCalculator;
				PRODUCT_NAME = "$(TARGET_NAME)";
			};
			name = Debug;
		};
		5938F6911C5694CB003BAE6E /* Release */ = {
			isa = XCBuildConfiguration;
			buildSettings = {
				ASSETCATALOG_COMPILER_APPICON_NAME = AppIcon;
				INFOPLIST_FILE = TipCalculator/Info.plist;
				LD_RUNPATH_SEARCH_PATHS = "$(inherited) @executable_path/Frameworks";
				PRODUCT_BUNDLE_IDENTIFIER = com.iwuvhugs.TipCalculator;
				PRODUCT_NAME = "$(TARGET_NAME)";
			};
			name = Release;
		};
		5938F6931C5694CB003BAE6E /* Debug */ = {
			isa = XCBuildConfiguration;
			buildSettings = {
				BUNDLE_LOADER = "$(TEST_HOST)";
				INFOPLIST_FILE = TipCalculatorTests/Info.plist;
				LD_RUNPATH_SEARCH_PATHS = "$(inherited) @executable_path/Frameworks @loader_path/Frameworks";
				PRODUCT_BUNDLE_IDENTIFIER = com.iwuvhugs.TipCalculatorTests;
				PRODUCT_NAME = "$(TARGET_NAME)";
				TEST_HOST = "$(BUILT_PRODUCTS_DIR)/TipCalculator.app/TipCalculator";
			};
			name = Debug;
		};
		5938F6941C5694CB003BAE6E /* Release */ = {
			isa = XCBuildConfiguration;
			buildSettings = {
				BUNDLE_LOADER = "$(TEST_HOST)";
				INFOPLIST_FILE = TipCalculatorTests/Info.plist;
				LD_RUNPATH_SEARCH_PATHS = "$(inherited) @executable_path/Frameworks @loader_path/Frameworks";
				PRODUCT_BUNDLE_IDENTIFIER = com.iwuvhugs.TipCalculatorTests;
				PRODUCT_NAME = "$(TARGET_NAME)";
				TEST_HOST = "$(BUILT_PRODUCTS_DIR)/TipCalculator.app/TipCalculator";
			};
			name = Release;
		};
/* End XCBuildConfiguration section */

/* Begin XCConfigurationList section */
		5938F66D1C5694CB003BAE6E /* Build configuration list for PBXProject "TipCalculator" */ = {
			isa = XCConfigurationList;
			buildConfigurations = (
				5938F68D1C5694CB003BAE6E /* Debug */,
				5938F68E1C5694CB003BAE6E /* Release */,
			);
			defaultConfigurationIsVisible = 0;
			defaultConfigurationName = Release;
		};
		5938F68F1C5694CB003BAE6E /* Build configuration list for PBXNativeTarget "TipCalculator" */ = {
			isa = XCConfigurationList;
			buildConfigurations = (
				5938F6901C5694CB003BAE6E /* Debug */,
				5938F6911C5694CB003BAE6E /* Release */,
			);
			defaultConfigurationIsVisible = 0;
		};
		5938F6921C5694CB003BAE6E /* Build configuration list for PBXNativeTarget "TipCalculatorTests" */ = {
			isa = XCConfigurationList;
			buildConfigurations = (
				5938F6931C5694CB003BAE6E /* Debug */,
				5938F6941C5694CB003BAE6E /* Release */,
			);
			defaultConfigurationIsVisible = 0;
		};
/* End XCConfigurationList section */
	};
	rootObject = 5938F66A1C5694CB003BAE6E /* Project object */;
}
